
Microsoft Visual Studio Solution File, Format Version 12.00
# Visual Studio Version 17
VisualStudioVersion = 17.1.32210.238
MinimumVisualStudioVersion = 10.0.40219.1
Project("{00D1A9C2-B5F0-4AF3-8072-F6C62B433612}") = "BookShopDatabase", "ShopDatabase\BookShopDatabase.sqlproj", "{1B6ED1C1-2CD1-4EF2-B307-92537E0CF175}"
EndProject
Global
	GlobalSection(SolutionConfigurationPlatforms) = preSolution
		Debug|Any CPU = Debug|Any CPU
		Release|Any CPU = Release|Any CPU
	EndGlobalSection
	GlobalSection(ProjectConfigurationPlatforms) = postSolution
		{1B6ED1C1-2CD1-4EF2-B307-92537E0CF175}.Debug|Any CPU.ActiveCfg = Debug|Any CPU
		{1B6ED1C1-2CD1-4EF2-B307-92537E0CF175}.Debug|Any CPU.Build.0 = Debug|Any CPU
		{1B6ED1C1-2CD1-4EF2-B307-92537E0CF175}.Debug|Any CPU.Deploy.0 = Debug|Any CPU
		{1B6ED1C1-2CD1-4EF2-B307-92537E0CF175}.Release|Any CPU.ActiveCfg = Release|Any CPU
		{1B6ED1C1-2CD1-4EF2-B307-92537E0CF175}.Release|Any CPU.Build.0 = Release|Any CPU
		{1B6ED1C1-2CD1-4EF2-B307-92537E0CF175}.Release|Any CPU.Deploy.0 = Release|Any CPU
	EndGlobalSection
	GlobalSection(SolutionProperties) = preSolution
		HideSolutionNode = FALSE
	EndGlobalSection
	GlobalSection(ExtensibilityGlobals) = postSolution
		SolutionGuid = {0DE4883B-23EE-4251-A389-312ED0C88D72}
	EndGlobalSection
EndGlobal
