
Microsoft Visual Studio Solution File, Format Version 12.00
# Visual Studio Version 17
VisualStudioVersion = 17.1.32210.238
MinimumVisualStudioVersion = 10.0.40219.1
Project("{9A19103F-16F7-4668-BE54-9A1E7A4F7556}") = "BookShopApiLayer", "BookShopApiLayer\BookShopApiLayer.csproj", "{A0562052-21D9-424B-B26B-02135099F6BB}"
EndProject
Project("{9A19103F-16F7-4668-BE54-9A1E7A4F7556}") = "DataAccessLayer", "DataAccessLayer\DataAccessLayer.csproj", "{90A6B947-4969-49CB-AA84-91CA63D83E20}"
EndProject
Project("{00D1A9C2-B5F0-4AF3-8072-F6C62B433612}") = "BookShopDatabase", "BookShopDatabase\BookShopDatabase.sqlproj", "{BC1A827D-3098-48F8-A159-562EC5DBEE12}"
EndProject
Project("{9A19103F-16F7-4668-BE54-9A1E7A4F7556}") = "OnlineBookShopWeb", "OnlineBookShopWeb\OnlineBookShopWeb.csproj", "{F38FC757-2DD8-4995-A723-591092805EDF}"
EndProject
Global
	GlobalSection(SolutionConfigurationPlatforms) = preSolution
		Debug|Any CPU = Debug|Any CPU
		Release|Any CPU = Release|Any CPU
	EndGlobalSection
	GlobalSection(ProjectConfigurationPlatforms) = postSolution
		{A0562052-21D9-424B-B26B-02135099F6BB}.Debug|Any CPU.ActiveCfg = Debug|Any CPU
		{A0562052-21D9-424B-B26B-02135099F6BB}.Debug|Any CPU.Build.0 = Debug|Any CPU
		{A0562052-21D9-424B-B26B-02135099F6BB}.Release|Any CPU.ActiveCfg = Release|Any CPU
		{A0562052-21D9-424B-B26B-02135099F6BB}.Release|Any CPU.Build.0 = Release|Any CPU
		{90A6B947-4969-49CB-AA84-91CA63D83E20}.Debug|Any CPU.ActiveCfg = Debug|Any CPU
		{90A6B947-4969-49CB-AA84-91CA63D83E20}.Debug|Any CPU.Build.0 = Debug|Any CPU
		{90A6B947-4969-49CB-AA84-91CA63D83E20}.Release|Any CPU.ActiveCfg = Release|Any CPU
		{90A6B947-4969-49CB-AA84-91CA63D83E20}.Release|Any CPU.Build.0 = Release|Any CPU
		{BC1A827D-3098-48F8-A159-562EC5DBEE12}.Debug|Any CPU.ActiveCfg = Debug|Any CPU
		{BC1A827D-3098-48F8-A159-562EC5DBEE12}.Debug|Any CPU.Build.0 = Debug|Any CPU
		{BC1A827D-3098-48F8-A159-562EC5DBEE12}.Debug|Any CPU.Deploy.0 = Debug|Any CPU
		{BC1A827D-3098-48F8-A159-562EC5DBEE12}.Release|Any CPU.ActiveCfg = Release|Any CPU
		{BC1A827D-3098-48F8-A159-562EC5DBEE12}.Release|Any CPU.Build.0 = Release|Any CPU
		{BC1A827D-3098-48F8-A159-562EC5DBEE12}.Release|Any CPU.Deploy.0 = Release|Any CPU
		{F38FC757-2DD8-4995-A723-591092805EDF}.Debug|Any CPU.ActiveCfg = Debug|Any CPU
		{F38FC757-2DD8-4995-A723-591092805EDF}.Debug|Any CPU.Build.0 = Debug|Any CPU
		{F38FC757-2DD8-4995-A723-591092805EDF}.Release|Any CPU.ActiveCfg = Release|Any CPU
		{F38FC757-2DD8-4995-A723-591092805EDF}.Release|Any CPU.Build.0 = Release|Any CPU
	EndGlobalSection
	GlobalSection(SolutionProperties) = preSolution
		HideSolutionNode = FALSE
	EndGlobalSection
	GlobalSection(ExtensibilityGlobals) = postSolution
		SolutionGuid = {0DE4883B-23EE-4251-A389-312ED0C88D72}
	EndGlobalSection
EndGlobal
